// !$*UTF8*$!
{
	archiveVersion = 1;
	classes = {
	};
	objectVersion = 46;
	objects = {

/* Begin PBXBuildFile section */
		4FA17DE31D5239540031C18D /* main.m in Sources */ = {isa = PBXBuildFile; fileRef = 4FA17DE21D5239540031C18D /* main.m */; };
		4FA17DE61D5239540031C18D /* AppDelegate.m in Sources */ = {isa = PBXBuildFile; fileRef = 4FA17DE51D5239540031C18D /* AppDelegate.m */; };
		4FA17DE91D5239540031C18D /* StrategyViewController.m in Sources */ = {isa = PBXBuildFile; fileRef = 4FA17DE81D5239540031C18D /* StrategyViewController.m */; };
		4FA17DEC1D5239540031C18D /* Main.storyboard in Resources */ = {isa = PBXBuildFile; fileRef = 4FA17DEA1D5239540031C18D /* Main.storyboard */; };
		4FA17DEE1D5239540031C18D /* Assets.xcassets in Resources */ = {isa = PBXBuildFile; fileRef = 4FA17DED1D5239540031C18D /* Assets.xcassets */; };
		4FA17DF11D5239540031C18D /* LaunchScreen.storyboard in Resources */ = {isa = PBXBuildFile; fileRef = 4FA17DEF1D5239540031C18D /* LaunchScreen.storyboard */; };
		4FA17DFB1D523ABC0031C18D /* Duck.m in Sources */ = {isa = PBXBuildFile; fileRef = 4FA17DFA1D523ABC0031C18D /* Duck.m */; };
		4FA17DFF1D523AFA0031C18D /* FlyWithWings.m in Sources */ = {isa = PBXBuildFile; fileRef = 4FA17DFE1D523AFA0031C18D /* FlyWithWings.m */; };
		4FA17E031D523B2A0031C18D /* Quack.m in Sources */ = {isa = PBXBuildFile; fileRef = 4FA17E021D523B2A0031C18D /* Quack.m */; };
		4FA17E091D523B4E0031C18D /* MuteQuck.m in Sources */ = {isa = PBXBuildFile; fileRef = 4FA17E081D523B4E0031C18D /* MuteQuck.m */; };
		4FA17E0C1D523B6A0031C18D /* FlyNoWay.m in Sources */ = {isa = PBXBuildFile; fileRef = 4FA17E0B1D523B6A0031C18D /* FlyNoWay.m */; };
		4FA17E0F1D523D3E0031C18D /* NormalDuck.m in Sources */ = {isa = PBXBuildFile; fileRef = 4FA17E0E1D523D3E0031C18D /* NormalDuck.m */; };
		4FA17E121D523F940031C18D /* MuteDuck.m in Sources */ = {isa = PBXBuildFile; fileRef = 4FA17E111D523F940031C18D /* MuteDuck.m */; };
		4FA17E171D5242090031C18D /* Strategy.md in Sources */ = {isa = PBXBuildFile; fileRef = 4FA17E161D5242090031C18D /* Strategy.md */; };
		4FF4ADF21D562DCE0087EDF3 /* Observer.md in Sources */ = {isa = PBXBuildFile; fileRef = 4FF4ADF11D562DCE0087EDF3 /* Observer.md */; };
		4FF4ADF51D562DE00087EDF3 /* WeatherData.m in Sources */ = {isa = PBXBuildFile; fileRef = 4FF4ADF41D562DE00087EDF3 /* WeatherData.m */; };
		4FF4ADF81D562E8B0087EDF3 /* ObserverCenter.m in Sources */ = {isa = PBXBuildFile; fileRef = 4FF4ADF71D562E8B0087EDF3 /* ObserverCenter.m */; };
		4FF4ADFB1D56326A0087EDF3 /* ObserverA.m in Sources */ = {isa = PBXBuildFile; fileRef = 4FF4ADFA1D56326A0087EDF3 /* ObserverA.m */; };
		4FF4ADFE1D5632730087EDF3 /* ObserverB.m in Sources */ = {isa = PBXBuildFile; fileRef = 4FF4ADFD1D5632730087EDF3 /* ObserverB.m */; };
		4FF4AE011D5635700087EDF3 /* ObserverViewController.m in Sources */ = {isa = PBXBuildFile; fileRef = 4FF4AE001D5635700087EDF3 /* ObserverViewController.m */; };
/* End PBXBuildFile section */

/* Begin PBXFileReference section */
		4FA17DDE1D5239540031C18D /* Demo_DesignPattern.app */ = {isa = PBXFileReference; explicitFileType = wrapper.application; includeInIndex = 0; path = Demo_DesignPattern.app; sourceTree = BUILT_PRODUCTS_DIR; };
		4FA17DE21D5239540031C18D /* main.m */ = {isa = PBXFileReference; lastKnownFileType = sourcecode.c.objc; path = main.m; sourceTree = "<group>"; };
		4FA17DE41D5239540031C18D /* AppDelegate.h */ = {isa = PBXFileReference; lastKnownFileType = sourcecode.c.h; path = AppDelegate.h; sourceTree = "<group>"; };
		4FA17DE51D5239540031C18D /* AppDelegate.m */ = {isa = PBXFileReference; lastKnownFileType = sourcecode.c.objc; path = AppDelegate.m; sourceTree = "<group>"; };
		4FA17DE71D5239540031C18D /* StrategyViewController.h */ = {isa = PBXFileReference; lastKnownFileType = sourcecode.c.h; path = StrategyViewController.h; sourceTree = "<group>"; };
		4FA17DE81D5239540031C18D /* StrategyViewController.m */ = {isa = PBXFileReference; lastKnownFileType = sourcecode.c.objc; path = StrategyViewController.m; sourceTree = "<group>"; };
		4FA17DEB1D5239540031C18D /* Base */ = {isa = PBXFileReference; lastKnownFileType = file.storyboard; name = Base; path = Base.lproj/Main.storyboard; sourceTree = "<group>"; };
		4FA17DED1D5239540031C18D /* Assets.xcassets */ = {isa = PBXFileReference; lastKnownFileType = folder.assetcatalog; path = Assets.xcassets; sourceTree = "<group>"; };
		4FA17DF01D5239540031C18D /* Base */ = {isa = PBXFileReference; lastKnownFileType = file.storyboard; name = Base; path = Base.lproj/LaunchScreen.storyboard; sourceTree = "<group>"; };
		4FA17DF21D5239540031C18D /* Info.plist */ = {isa = PBXFileReference; lastKnownFileType = text.plist.xml; path = Info.plist; sourceTree = "<group>"; };
		4FA17DF91D523ABC0031C18D /* Duck.h */ = {isa = PBXFileReference; fileEncoding = 4; lastKnownFileType = sourcecode.c.h; path = Duck.h; sourceTree = "<group>"; };
		4FA17DFA1D523ABC0031C18D /* Duck.m */ = {isa = PBXFileReference; fileEncoding = 4; lastKnownFileType = sourcecode.c.objc; path = Duck.m; sourceTree = "<group>"; };
		4FA17DFC1D523AE90031C18D /* FlyBehavior.h */ = {isa = PBXFileReference; fileEncoding = 4; lastKnownFileType = sourcecode.c.h; path = FlyBehavior.h; sourceTree = "<group>"; };
		4FA17DFD1D523AFA0031C18D /* FlyWithWings.h */ = {isa = PBXFileReference; fileEncoding = 4; lastKnownFileType = sourcecode.c.h; path = FlyWithWings.h; sourceTree = "<group>"; };
		4FA17DFE1D523AFA0031C18D /* FlyWithWings.m */ = {isa = PBXFileReference; fileEncoding = 4; lastKnownFileType = sourcecode.c.objc; path = FlyWithWings.m; sourceTree = "<group>"; };
		4FA17E001D523B0D0031C18D /* QuackBehavior.h */ = {isa = PBXFileReference; fileEncoding = 4; lastKnownFileType = sourcecode.c.h; path = QuackBehavior.h; sourceTree = "<group>"; };
		4FA17E011D523B2A0031C18D /* Quack.h */ = {isa = PBXFileReference; fileEncoding = 4; lastKnownFileType = sourcecode.c.h; path = Quack.h; sourceTree = "<group>"; };
		4FA17E021D523B2A0031C18D /* Quack.m */ = {isa = PBXFileReference; fileEncoding = 4; lastKnownFileType = sourcecode.c.objc; path = Quack.m; sourceTree = "<group>"; };
		4FA17E071D523B4E0031C18D /* MuteQuck.h */ = {isa = PBXFileReference; fileEncoding = 4; lastKnownFileType = sourcecode.c.h; path = MuteQuck.h; sourceTree = "<group>"; };
		4FA17E081D523B4E0031C18D /* MuteQuck.m */ = {isa = PBXFileReference; fileEncoding = 4; lastKnownFileType = sourcecode.c.objc; path = MuteQuck.m; sourceTree = "<group>"; };
		4FA17E0A1D523B6A0031C18D /* FlyNoWay.h */ = {isa = PBXFileReference; fileEncoding = 4; lastKnownFileType = sourcecode.c.h; path = FlyNoWay.h; sourceTree = "<group>"; };
		4FA17E0B1D523B6A0031C18D /* FlyNoWay.m */ = {isa = PBXFileReference; fileEncoding = 4; lastKnownFileType = sourcecode.c.objc; path = FlyNoWay.m; sourceTree = "<group>"; };
		4FA17E0D1D523D3E0031C18D /* NormalDuck.h */ = {isa = PBXFileReference; fileEncoding = 4; lastKnownFileType = sourcecode.c.h; path = NormalDuck.h; sourceTree = "<group>"; };
		4FA17E0E1D523D3E0031C18D /* NormalDuck.m */ = {isa = PBXFileReference; fileEncoding = 4; lastKnownFileType = sourcecode.c.objc; path = NormalDuck.m; sourceTree = "<group>"; };
		4FA17E101D523F940031C18D /* MuteDuck.h */ = {isa = PBXFileReference; fileEncoding = 4; lastKnownFileType = sourcecode.c.h; path = MuteDuck.h; sourceTree = "<group>"; };
		4FA17E111D523F940031C18D /* MuteDuck.m */ = {isa = PBXFileReference; fileEncoding = 4; lastKnownFileType = sourcecode.c.objc; path = MuteDuck.m; sourceTree = "<group>"; };
		4FA17E161D5242090031C18D /* Strategy.md */ = {isa = PBXFileReference; fileEncoding = 4; lastKnownFileType = net.daringfireball.markdown; path = Strategy.md; sourceTree = "<group>"; };
		4FF4ADF11D562DCE0087EDF3 /* Observer.md */ = {isa = PBXFileReference; fileEncoding = 4; lastKnownFileType = net.daringfireball.markdown; path = Observer.md; sourceTree = "<group>"; };
		4FF4ADF31D562DE00087EDF3 /* WeatherData.h */ = {isa = PBXFileReference; fileEncoding = 4; lastKnownFileType = sourcecode.c.h; path = WeatherData.h; sourceTree = "<group>"; };
		4FF4ADF41D562DE00087EDF3 /* WeatherData.m */ = {isa = PBXFileReference; fileEncoding = 4; lastKnownFileType = sourcecode.c.objc; path = WeatherData.m; sourceTree = "<group>"; };
		4FF4ADF61D562E8B0087EDF3 /* ObserverCenter.h */ = {isa = PBXFileReference; fileEncoding = 4; lastKnownFileType = sourcecode.c.h; path = ObserverCenter.h; sourceTree = "<group>"; };
		4FF4ADF71D562E8B0087EDF3 /* ObserverCenter.m */ = {isa = PBXFileReference; fileEncoding = 4; lastKnownFileType = sourcecode.c.objc; path = ObserverCenter.m; sourceTree = "<group>"; };
		4FF4ADF91D56326A0087EDF3 /* ObserverA.h */ = {isa = PBXFileReference; fileEncoding = 4; lastKnownFileType = sourcecode.c.h; path = ObserverA.h; sourceTree = "<group>"; };
		4FF4ADFA1D56326A0087EDF3 /* ObserverA.m */ = {isa = PBXFileReference; fileEncoding = 4; lastKnownFileType = sourcecode.c.objc; path = ObserverA.m; sourceTree = "<group>"; };
		4FF4ADFC1D5632730087EDF3 /* ObserverB.h */ = {isa = PBXFileReference; fileEncoding = 4; lastKnownFileType = sourcecode.c.h; path = ObserverB.h; sourceTree = "<group>"; };
		4FF4ADFD1D5632730087EDF3 /* ObserverB.m */ = {isa = PBXFileReference; fileEncoding = 4; lastKnownFileType = sourcecode.c.objc; path = ObserverB.m; sourceTree = "<group>"; };
		4FF4ADFF1D5635700087EDF3 /* ObserverViewController.h */ = {isa = PBXFileReference; fileEncoding = 4; lastKnownFileType = sourcecode.c.h; path = ObserverViewController.h; sourceTree = "<group>"; };
		4FF4AE001D5635700087EDF3 /* ObserverViewController.m */ = {isa = PBXFileReference; fileEncoding = 4; lastKnownFileType = sourcecode.c.objc; path = ObserverViewController.m; sourceTree = "<group>"; };
/* End PBXFileReference section */

/* Begin PBXFrameworksBuildPhase section */
		4FA17DDB1D5239540031C18D /* Frameworks */ = {
			isa = PBXFrameworksBuildPhase;
			buildActionMask = 2147483647;
			files = (
			);
			runOnlyForDeploymentPostprocessing = 0;
		};
/* End PBXFrameworksBuildPhase section */

/* Begin PBXGroup section */
		4FA17DD51D5239540031C18D = {
			isa = PBXGroup;
			children = (
				4FF4ADF01D562DCE0087EDF3 /* Observer */,
				4FA17DF81D523AA80031C18D /* Strategy */,
				4FA17DE01D5239540031C18D /* Demo_DesignPattern */,
				4FA17DDF1D5239540031C18D /* Products */,
			);
			sourceTree = "<group>";
		};
		4FA17DDF1D5239540031C18D /* Products */ = {
			isa = PBXGroup;
			children = (
				4FA17DDE1D5239540031C18D /* Demo_DesignPattern.app */,
			);
			name = Products;
			sourceTree = "<group>";
		};
		4FA17DE01D5239540031C18D /* Demo_DesignPattern */ = {
			isa = PBXGroup;
			children = (
				4FA17DE41D5239540031C18D /* AppDelegate.h */,
				4FA17DE51D5239540031C18D /* AppDelegate.m */,
				4FA17DE71D5239540031C18D /* StrategyViewController.h */,
				4FA17DE81D5239540031C18D /* StrategyViewController.m */,
				4FF4ADFF1D5635700087EDF3 /* ObserverViewController.h */,
				4FF4AE001D5635700087EDF3 /* ObserverViewController.m */,
				4FA17DEA1D5239540031C18D /* Main.storyboard */,
				4FA17DED1D5239540031C18D /* Assets.xcassets */,
				4FA17DEF1D5239540031C18D /* LaunchScreen.storyboard */,
				4FA17DF21D5239540031C18D /* Info.plist */,
				4FA17DE11D5239540031C18D /* Supporting Files */,
			);
			path = Demo_DesignPattern;
			sourceTree = "<group>";
		};
		4FA17DE11D5239540031C18D /* Supporting Files */ = {
			isa = PBXGroup;
			children = (
				4FA17DE21D5239540031C18D /* main.m */,
			);
			name = "Supporting Files";
			sourceTree = "<group>";
		};
		4FA17DF81D523AA80031C18D /* Strategy */ = {
			isa = PBXGroup;
			children = (
				4FA17E161D5242090031C18D /* Strategy.md */,
				4FA17E151D5241300031C18D /* Duck */,
				4FA17E141D5241230031C18D /* FlyBehavior */,
				4FA17E131D5241190031C18D /* QuackBehavior */,
			);
			path = Strategy;
			sourceTree = "<group>";
		};
		4FA17E131D5241190031C18D /* QuackBehavior */ = {
			isa = PBXGroup;
			children = (
				4FA17E001D523B0D0031C18D /* QuackBehavior.h */,
				4FA17E011D523B2A0031C18D /* Quack.h */,
				4FA17E021D523B2A0031C18D /* Quack.m */,
				4FA17E071D523B4E0031C18D /* MuteQuck.h */,
				4FA17E081D523B4E0031C18D /* MuteQuck.m */,
			);
			name = QuackBehavior;
			sourceTree = "<group>";
		};
		4FA17E141D5241230031C18D /* FlyBehavior */ = {
			isa = PBXGroup;
			children = (
				4FA17DFC1D523AE90031C18D /* FlyBehavior.h */,
				4FA17DFD1D523AFA0031C18D /* FlyWithWings.h */,
				4FA17DFE1D523AFA0031C18D /* FlyWithWings.m */,
				4FA17E0A1D523B6A0031C18D /* FlyNoWay.h */,
				4FA17E0B1D523B6A0031C18D /* FlyNoWay.m */,
			);
			name = FlyBehavior;
			sourceTree = "<group>";
		};
		4FA17E151D5241300031C18D /* Duck */ = {
			isa = PBXGroup;
			children = (
				4FA17DF91D523ABC0031C18D /* Duck.h */,
				4FA17DFA1D523ABC0031C18D /* Duck.m */,
				4FA17E0D1D523D3E0031C18D /* NormalDuck.h */,
				4FA17E0E1D523D3E0031C18D /* NormalDuck.m */,
				4FA17E101D523F940031C18D /* MuteDuck.h */,
				4FA17E111D523F940031C18D /* MuteDuck.m */,
			);
			name = Duck;
			sourceTree = "<group>";
		};
		4FF4ADF01D562DCE0087EDF3 /* Observer */ = {
			isa = PBXGroup;
			children = (
				4FF4ADF11D562DCE0087EDF3 /* Observer.md */,
				4FF4ADF31D562DE00087EDF3 /* WeatherData.h */,
				4FF4ADF41D562DE00087EDF3 /* WeatherData.m */,
				4FF4ADF61D562E8B0087EDF3 /* ObserverCenter.h */,
				4FF4ADF71D562E8B0087EDF3 /* ObserverCenter.m */,
				4FF4ADF91D56326A0087EDF3 /* ObserverA.h */,
				4FF4ADFA1D56326A0087EDF3 /* ObserverA.m */,
				4FF4ADFC1D5632730087EDF3 /* ObserverB.h */,
				4FF4ADFD1D5632730087EDF3 /* ObserverB.m */,
			);
			path = Observer;
			sourceTree = "<group>";
		};
/* End PBXGroup section */

/* Begin PBXNativeTarget section */
		4FA17DDD1D5239540031C18D /* Demo_DesignPattern */ = {
			isa = PBXNativeTarget;
			buildConfigurationList = 4FA17DF51D5239540031C18D /* Build configuration list for PBXNativeTarget "Demo_DesignPattern" */;
			buildPhases = (
				4FA17DDA1D5239540031C18D /* Sources */,
				4FA17DDB1D5239540031C18D /* Frameworks */,
				4FA17DDC1D5239540031C18D /* Resources */,
			);
			buildRules = (
			);
			dependencies = (
			);
			name = Demo_DesignPattern;
			productName = Demo_DesignPattern;
			productReference = 4FA17DDE1D5239540031C18D /* Demo_DesignPattern.app */;
			productType = "com.apple.product-type.application";
		};
/* End PBXNativeTarget section */

/* Begin PBXProject section */
		4FA17DD61D5239540031C18D /* Project object */ = {
			isa = PBXProject;
			attributes = {
				LastUpgradeCheck = 0730;
				ORGANIZATIONNAME = tickCoder;
				TargetAttributes = {
					4FA17DDD1D5239540031C18D = {
						CreatedOnToolsVersion = 7.3.1;
					};
				};
			};
			buildConfigurationList = 4FA17DD91D5239540031C18D /* Build configuration list for PBXProject "Demo_DesignPattern" */;
			compatibilityVersion = "Xcode 3.2";
			developmentRegion = English;
			hasScannedForEncodings = 0;
			knownRegions = (
				en,
				Base,
			);
			mainGroup = 4FA17DD51D5239540031C18D;
			productRefGroup = 4FA17DDF1D5239540031C18D /* Products */;
			projectDirPath = "";
			projectRoot = "";
			targets = (
				4FA17DDD1D5239540031C18D /* Demo_DesignPattern */,
			);
		};
/* End PBXProject section */

/* Begin PBXResourcesBuildPhase section */
		4FA17DDC1D5239540031C18D /* Resources */ = {
			isa = PBXResourcesBuildPhase;
			buildActionMask = 2147483647;
			files = (
				4FA17DF11D5239540031C18D /* LaunchScreen.storyboard in Resources */,
				4FA17DEE1D5239540031C18D /* Assets.xcassets in Resources */,
				4FA17DEC1D5239540031C18D /* Main.storyboard in Resources */,
			);
			runOnlyForDeploymentPostprocessing = 0;
		};
/* End PBXResourcesBuildPhase section */

/* Begin PBXSourcesBuildPhase section */
		4FA17DDA1D5239540031C18D /* Sources */ = {
			isa = PBXSourcesBuildPhase;
			buildActionMask = 2147483647;
			files = (
				4FF4ADFE1D5632730087EDF3 /* ObserverB.m in Sources */,
				4FA17E171D5242090031C18D /* Strategy.md in Sources */,
				4FA17DFB1D523ABC0031C18D /* Duck.m in Sources */,
				4FF4ADF21D562DCE0087EDF3 /* Observer.md in Sources */,
				4FA17DE91D5239540031C18D /* StrategyViewController.m in Sources */,
				4FF4ADF81D562E8B0087EDF3 /* ObserverCenter.m in Sources */,
				4FF4AE011D5635700087EDF3 /* ObserverViewController.m in Sources */,
				4FA17DE61D5239540031C18D /* AppDelegate.m in Sources */,
				4FA17E031D523B2A0031C18D /* Quack.m in Sources */,
				4FA17E0F1D523D3E0031C18D /* NormalDuck.m in Sources */,
				4FF4ADFB1D56326A0087EDF3 /* ObserverA.m in Sources */,
				4FA17E091D523B4E0031C18D /* MuteQuck.m in Sources */,
				4FA17DFF1D523AFA0031C18D /* FlyWithWings.m in Sources */,
				4FA17E121D523F940031C18D /* MuteDuck.m in Sources */,
				4FF4ADF51D562DE00087EDF3 /* WeatherData.m in Sources */,
				4FA17E0C1D523B6A0031C18D /* FlyNoWay.m in Sources */,
				4FA17DE31D5239540031C18D /* main.m in Sources */,
			);
			runOnlyForDeploymentPostprocessing = 0;
		};
/* End PBXSourcesBuildPhase section */

/* Begin PBXVariantGroup section */
		4FA17DEA1D5239540031C18D /* Main.storyboard */ = {
			isa = PBXVariantGroup;
			children = (
				4FA17DEB1D5239540031C18D /* Base */,
			);
			name = Main.storyboard;
			sourceTree = "<group>";
		};
		4FA17DEF1D5239540031C18D /* LaunchScreen.storyboard */ = {
			isa = PBXVariantGroup;
			children = (
				4FA17DF01D5239540031C18D /* Base */,
			);
			name = LaunchScreen.storyboard;
			sourceTree = "<group>";
		};
/* End PBXVariantGroup section */

/* Begin XCBuildConfiguration section */
		4FA17DF31D5239540031C18D /* Debug */ = {
			isa = XCBuildConfiguration;
			buildSettings = {
				ALWAYS_SEARCH_USER_PATHS = NO;
				CLANG_ANALYZER_NONNULL = YES;
				CLANG_CXX_LANGUAGE_STANDARD = "gnu++0x";
				CLANG_CXX_LIBRARY = "libc++";
				CLANG_ENABLE_MODULES = YES;
				CLANG_ENABLE_OBJC_ARC = YES;
				CLANG_WARN_BOOL_CONVERSION = YES;
				CLANG_WARN_CONSTANT_CONVERSION = YES;
				CLANG_WARN_DIRECT_OBJC_ISA_USAGE = YES_ERROR;
				CLANG_WARN_EMPTY_BODY = YES;
				CLANG_WARN_ENUM_CONVERSION = YES;
				CLANG_WARN_INT_CONVERSION = YES;
				CLANG_WARN_OBJC_ROOT_CLASS = YES_ERROR;
				CLANG_WARN_UNREACHABLE_CODE = YES;
				CLANG_WARN__DUPLICATE_METHOD_MATCH = YES;
				"CODE_SIGN_IDENTITY[sdk=iphoneos*]" = "iPhone Developer";
				COPY_PHASE_STRIP = NO;
				DEBUG_INFORMATION_FORMAT = dwarf;
				ENABLE_STRICT_OBJC_MSGSEND = YES;
				ENABLE_TESTABILITY = YES;
				GCC_C_LANGUAGE_STANDARD = gnu99;
				GCC_DYNAMIC_NO_PIC = NO;
				GCC_NO_COMMON_BLOCKS = YES;
				GCC_OPTIMIZATION_LEVEL = 0;
				GCC_PREPROCESSOR_DEFINITIONS = (
					"DEBUG=1",
					"$(inherited)",
				);
				GCC_WARN_64_TO_32_BIT_CONVERSION = YES;
				GCC_WARN_ABOUT_RETURN_TYPE = YES_ERROR;
				GCC_WARN_UNDECLARED_SELECTOR = YES;
				GCC_WARN_UNINITIALIZED_AUTOS = YES_AGGRESSIVE;
				GCC_WARN_UNUSED_FUNCTION = YES;
				GCC_WARN_UNUSED_VARIABLE = YES;
				IPHONEOS_DEPLOYMENT_TARGET = 9.3;
				MTL_ENABLE_DEBUG_INFO = YES;
				ONLY_ACTIVE_ARCH = YES;
				SDKROOT = iphoneos;
				TARGETED_DEVICE_FAMILY = "1,2";
			};
			name = Debug;
		};
		4FA17DF41D5239540031C18D /* Release */ = {
			isa = XCBuildConfiguration;
			buildSettings = {
				ALWAYS_SEARCH_USER_PATHS = NO;
				CLANG_ANALYZER_NONNULL = YES;
				CLANG_CXX_LANGUAGE_STANDARD = "gnu++0x";
				CLANG_CXX_LIBRARY = "libc++";
				CLANG_ENABLE_MODULES = YES;
				CLANG_ENABLE_OBJC_ARC = YES;
				CLANG_WARN_BOOL_CONVERSION = YES;
				CLANG_WARN_CONSTANT_CONVERSION = YES;
				CLANG_WARN_DIRECT_OBJC_ISA_USAGE = YES_ERROR;
				CLANG_WARN_EMPTY_BODY = YES;
				CLANG_WARN_ENUM_CONVERSION = YES;
				CLANG_WARN_INT_CONVERSION = YES;
				CLANG_WARN_OBJC_ROOT_CLASS = YES_ERROR;
				CLANG_WARN_UNREACHABLE_CODE = YES;
				CLANG_WARN__DUPLICATE_METHOD_MATCH = YES;
				"CODE_SIGN_IDENTITY[sdk=iphoneos*]" = "iPhone Developer";
				COPY_PHASE_STRIP = NO;
				DEBUG_INFORMATION_FORMAT = "dwarf-with-dsym";
				ENABLE_NS_ASSERTIONS = NO;
				ENABLE_STRICT_OBJC_MSGSEND = YES;
				GCC_C_LANGUAGE_STANDARD = gnu99;
				GCC_NO_COMMON_BLOCKS = YES;
				GCC_WARN_64_TO_32_BIT_CONVERSION = YES;
				GCC_WARN_ABOUT_RETURN_TYPE = YES_ERROR;
				GCC_WARN_UNDECLARED_SELECTOR = YES;
				GCC_WARN_UNINITIALIZED_AUTOS = YES_AGGRESSIVE;
				GCC_WARN_UNUSED_FUNCTION = YES;
				GCC_WARN_UNUSED_VARIABLE = YES;
				IPHONEOS_DEPLOYMENT_TARGET = 9.3;
				MTL_ENABLE_DEBUG_INFO = NO;
				SDKROOT = iphoneos;
				TARGETED_DEVICE_FAMILY = "1,2";
				VALIDATE_PRODUCT = YES;
			};
			name = Release;
		};
		4FA17DF61D5239540031C18D /* Debug */ = {
			isa = XCBuildConfiguration;
			buildSettings = {
				ASSETCATALOG_COMPILER_APPICON_NAME = AppIcon;
				INFOPLIST_FILE = Demo_DesignPattern/Info.plist;
				IPHONEOS_DEPLOYMENT_TARGET = 9.0;
				LD_RUNPATH_SEARCH_PATHS = "$(inherited) @executable_path/Frameworks";
				PRODUCT_BUNDLE_IDENTIFIER = "com.tickCoder.Demo-DesignPattern";
				PRODUCT_NAME = "$(TARGET_NAME)";
			};
			name = Debug;
		};
		4FA17DF71D5239540031C18D /* Release */ = {
			isa = XCBuildConfiguration;
			buildSettings = {
				ASSETCATALOG_COMPILER_APPICON_NAME = AppIcon;
				INFOPLIST_FILE = Demo_DesignPattern/Info.plist;
				IPHONEOS_DEPLOYMENT_TARGET = 9.0;
				LD_RUNPATH_SEARCH_PATHS = "$(inherited) @executable_path/Frameworks";
				PRODUCT_BUNDLE_IDENTIFIER = "com.tickCoder.Demo-DesignPattern";
				PRODUCT_NAME = "$(TARGET_NAME)";
			};
			name = Release;
		};
/* End XCBuildConfiguration section */

/* Begin XCConfigurationList section */
		4FA17DD91D5239540031C18D /* Build configuration list for PBXProject "Demo_DesignPattern" */ = {
			isa = XCConfigurationList;
			buildConfigurations = (
				4FA17DF31D5239540031C18D /* Debug */,
				4FA17DF41D5239540031C18D /* Release */,
			);
			defaultConfigurationIsVisible = 0;
			defaultConfigurationName = Release;
		};
		4FA17DF51D5239540031C18D /* Build configuration list for PBXNativeTarget "Demo_DesignPattern" */ = {
			isa = XCConfigurationList;
			buildConfigurations = (
				4FA17DF61D5239540031C18D /* Debug */,
				4FA17DF71D5239540031C18D /* Release */,
			);
			defaultConfigurationIsVisible = 0;
			defaultConfigurationName = Release;
		};
/* End XCConfigurationList section */
	};
	rootObject = 4FA17DD61D5239540031C18D /* Project object */;
}
